{
  "name": "library_management_system",
  "version": "1.0.0",
  "lockfileVersion": 1,
  "requires": true,
  "dependencies": {
    "prettier-plugin-tailwindcss": {
      "version": "0.2.1",
      "resolved": "https://registry.npmjs.org/prettier-plugin-tailwindcss/-/prettier-plugin-tailwindcss-0.2.1.tgz",
      "integrity": "sha512-aIO8IguumORyRsmT+E7JfJ3A9FEoyhqZR7Au7TBOege3VZkgMvHJMkufeYp4zjnDK2iq4ktkvGMNOQR9T8lisQ==",
      "dev": true
    }
  }
}
